# @generated - this file is auto-generated by `mise lock` https://mise.jdx.dev/dev-tools/mise-lock.html

lockfile_version = 1

[[tools.bat]]
version = "0.26.1"
backend = "aqua:sharkdp/bat"
specifiers = ["latest"]

[tools.bat."platforms.linux-x64"]
checksum = "sha256:726f04c8f576a7fd18b7634f1bbf2f915c43494c1c0f013baa3287edb0d5a2a3"
url = "https://github.com/sharkdp/bat/releases/download/v0.26.1/bat-v0.26.1-x86_64-unknown-linux-gnu.tar.gz"
url_api = "https://api.github.com/repos/sharkdp/bat/releases/assets/323549181"

[tools.bat."platforms.macos-arm64"]
checksum = "sha256:e30beff26779c9bf60bb541e1d79046250cb74378f2757f8eb250afddb19e114"
url = "https://github.com/sharkdp/bat/releases/download/v0.26.1/bat-v0.26.1-aarch64-apple-darwin.tar.gz"
url_api = "https://api.github.com/repos/sharkdp/bat/releases/assets/323548442"

[[tools.fish]]
version = "4.9.2"
backend = "aqua:fish-shell/fish-shell"
specifiers = ["latest"]

[tools.fish."platforms.linux-x64"]
checksum = "sha256:677f352e4ed8f8ba35295754b17ed2f08d228abaf9344a8b1b2715afa5c80814"
url = "https://github.com/fish-shell/fish-shell/releases/download/4.9.2/fish-4.9.2-linux-x86_64.tar.xz"
url_api = "https://api.github.com/repos/fish-shell/fish-shell/releases/assets/545702229"

[tools.fish."platforms.macos-arm64"]
checksum = "sha256:93491525e4e338f7a6b164334b33eee261fb70f71576539c8a08130f84dc3496"
url = "https://github.com/fish-shell/fish-shell/releases/download/4.9.2/fish-4.9.2.pkg"
url_api = "https://api.github.com/repos/fish-shell/fish-shell/releases/assets/545717347"

[[tools.neovim]]
version = "0.12.5"
backend = "vfox:mise-plugins/vfox-neovim"
specifiers = ["latest"]

[tools.neovim."platforms.linux-x64"]
url = "https://github.com/neovim/neovim/releases/download/v0.12.5/nvim-linux-x86_64.tar.gz"

[tools.neovim."platforms.macos-arm64"]
url = "https://github.com/neovim/neovim/releases/download/v0.12.5/nvim-macos-arm64.tar.gz"

[[tools.python]]
version = "3.14.7"
backend = "core:python"
specifiers = ["3.14"]

[tools.python."platforms.linux-x64"]
checksum = "sha256:3959f92825141e04adf44982d3a83ee57af0877e893b0796e04c1468749d9b04"
url = "https://github.com/astral-sh/python-build-standalone/releases/download/20260901/cpython-3.14.7+20260901-x86_64-unknown-linux-gnu-install_only_stripped.tar.gz"

[tools.python."platforms.macos-arm64"]
checksum = "sha256:4632cb1a6edad9e73d3c81b6d2e69131637d995173e3e85005df14102b0592ba"
url = "https://github.com/astral-sh/python-build-standalone/releases/download/20260901/cpython-3.14.7+20260901-aarch64-apple-darwin-install_only_stripped.tar.gz"

[[tools.ruff]]
version = "0.16.6"
backend = "aqua:astral-sh/ruff"
specifiers = ["latest"]

[tools.ruff."platforms.linux-x64"]
checksum = "sha256:0696335ef16615d8c7445ad438750eb0f55b3da6f153df21265a7c6d5750254f"
url = "https://github.com/astral-sh/ruff/releases/download/0.16.6/ruff-x86_64-unknown-linux-gnu.tar.gz"
url_api = "https://api.github.com/repos/astral-sh/ruff/releases/assets/543094461"

[tools.ruff."platforms.macos-arm64"]
checksum = "sha256:77513748c833b435b82453ba20e07db808ef6c5121945ede80a6cf21bee468a4"
url = "https://github.com/astral-sh/ruff/releases/download/0.16.6/ruff-aarch64-apple-darwin.tar.gz"
url_api = "https://api.github.com/repos/astral-sh/ruff/releases/assets/543094359"

[[tools.tree-sitter]]
version = "0.27.0"
backend = "cargo:tree-sitter-cli"
specifiers = ["latest"]

[[tools.uv]]
version = "0.12.11"
backend = "asdf:uv"
specifiers = ["latest"]
