version = 1
revision = 5
requires-python = ">=3.14"

[manifest]
requirements = [
    { name = "fonttools", specifier = ">=4.60" },
    { name = "rich", specifier = ">=15" },
    { name = "typer", specifier = ">=0.27" },
    { name = "uharfbuzz", specifier = ">=0.51" },
]

[[package]]
name = "annotated-doc"
version = "0.0.5"
source = { registry = "https://pypi.org/simple" }
sdist = { url = "https://files.pythonhosted.org/packages/5a/8e/38aa427ed5402449e226975b649c5dc73ccadfefeb95e6aecb8f8ea4b6b6/annotated_doc-0.0.5.tar.gz", hash = "sha256:c7e58ce09192557605d8bbd92836d7e1d520ac9580096042c0bfd197efacf1bb", size = 10758, upload-time = "2026-07-28T13:50:58.129Z" }
wheels = [
    { url = "https://files.pythonhosted.org/packages/3e/30/e900b21425a860e195f32e37657aa1f7c7f2b1bfb26f03ca209b90933c06/annotated_doc-0.0.5-py3-none-any.whl", hash = "sha256:117bac03a25ede5df5440e855b32d556049ca169ead221505badf432fed4b101", size = 5302, upload-time = "2026-07-28T13:50:57.239Z" },
]

[[package]]
name = "colorama"
version = "0.4.6"
source = { registry = "https://pypi.org/simple" }
sdist = { url = "https://files.pythonhosted.org/packages/d8/53/6f443c9a4a8358a93a6792e2acffb9d9d5cb0a5cfd8802644b7b1c9a02e4/colorama-0.4.6.tar.gz", hash = "sha256:08695f5cb7ed6e0531a20572697297273c47b8cae5a63ffc6d6ed5c201be6e44", size = 27697, upload-time = "2022-10-25T02:36:22.414Z" }
wheels = [
    { url = "https://files.pythonhosted.org/packages/d1/d6/3965ed04c63042e047cb6a3e6ed1a63a35087b6a609aa3a15ed8ac56c221/colorama-0.4.6-py2.py3-none-any.whl", hash = "sha256:4f1d9991f5acc0ca119f9d443620b77f9d6b33703e51011c16baf57afb285fc6", size = 25335, upload-time = "2022-10-25T02:36:20.889Z" },
]

[[package]]
name = "fonttools"
version = "4.66.1"
source = { registry = "https://pypi.org/simple" }
sdist = { url = "https://files.pythonhosted.org/packages/87/b6/126c659ab7e0e03e01a5f5d223abf7b2c0691ae92718085a212a3924a2a3/fonttools-4.66.1.tar.gz", hash = "sha256:64967c6ddb0d4c610dfd8cb1485981b2d27972ddfb7d4bbbd9e199d2a089c450", size = 3694174, upload-time = "2026-09-29T16:11:53.706Z" }
wheels = [
    { url = "https://files.pythonhosted.org/packages/12/83/c745b210ec49379ebfe627e166b527f44671a1f6ec5e1e219d91caa8964d/fonttools-4.66.1-cp314-cp314-macosx_10_15_universal2.whl", hash = "sha256:b18803cbdef248e7ee1be59cb277fbbe1da1faaa6f726fa5d3557904e6a3d967", size = 3099264, upload-time = "2026-09-29T16:10:41.998Z" },
    { url = "https://files.pythonhosted.org/packages/35/af/dd698f10bf0f743873077259e8a6fce075861dde3bb01eb22b2c4f7aefe8/fonttools-4.66.1-cp314-cp314-macosx_10_15_x86_64.whl", hash = "sha256:f08ab7f8461c37ecfdd29ad97fb0c0780b50501bd664bb0f46b6e83ed2b9d2a7", size = 2588769, upload-time = "2026-09-29T16:10:43.933Z" },
    { url = "https://files.pythonhosted.org/packages/c5/65/10b5caa2aa779e62411b67949bda9741d4d7532ba0b6dea647b715131260/fonttools-4.66.1-cp314-cp314-manylinux2014_aarch64.manylinux_2_17_aarch64.manylinux_2_28_aarch64.whl", hash = "sha256:7cf4f996f9b1cb549bff9ea4c50813988a26ec922c95cfa85c7e4f1270447e06", size = 5374278, upload-time = "2026-09-29T16:10:45.727Z" },
    { url = "https://files.pythonhosted.org/packages/6a/db/9ac5c6773feec1b40e57eac106d869886f66a1e44082d343ac1e1e1fb773/fonttools-4.66.1-cp314-cp314-manylinux2014_x86_64.manylinux_2_17_x86_64.whl", hash = "sha256:9261ef507f2dd74203443a472b65b5a26429eb378f975016dec7dc7305b24898", size = 5317826, upload-time = "2026-09-29T16:10:48.056Z" },
    { url = "https://files.pythonhosted.org/packages/04/0a/69beb11f6b714ac90ee73ad4600ac91d7dd4e1ce361d087c8425bb8472de/fonttools-4.66.1-cp314-cp314-musllinux_1_2_aarch64.whl", hash = "sha256:e1cde50b3ec84ca6fe63ca815de183dbecb88e8adf8ada82d8ea130ef12b2b43", size = 5316239, upload-time = "2026-09-29T16:10:50.201Z" },
    { url = "https://files.pythonhosted.org/packages/33/a8/7a77359e469d3a638df91d3e225cef4a3c1184c20e98381238042f7835fa/fonttools-4.66.1-cp314-cp314-musllinux_1_2_x86_64.whl", hash = "sha256:d8f0a8f16c4f3a5a87ca971de2631792d8cb4d570951f2000acf712f157d40db", size = 5449423, upload-time = "2026-09-29T16:10:52.337Z" },
    { url = "https://files.pythonhosted.org/packages/93/cf/ea0b2f1ef90431b1879d6e6c680a7fde497129cf511ab995ade0ff8e19a7/fonttools-4.66.1-cp314-cp314-win32.whl", hash = "sha256:b878c78b2af11b879bd4f26bb0d8bda2a4c64543fdd3f28efe2c80f97f043885", size = 2437673, upload-time = "2026-09-29T16:10:54.281Z" },
    { url = "https://files.pythonhosted.org/packages/b2/53/629dbb4a40c4a7b3de61442c6b4430d36ab6e0e8cf941c547f4fd66f3337/fonttools-4.66.1-cp314-cp314-win_amd64.whl", hash = "sha256:05aeb146451f37289f782c3c861f3d0f4b86c2dd2e4620b46683544c7406640e", size = 2489763, upload-time = "2026-09-29T16:10:56.262Z" },
    { url = "https://files.pythonhosted.org/packages/0e/59/342e5fce9438f88882524128d1feb0311d4014cb6f8bdeb4607fcc00713f/fonttools-4.66.1-cp314-cp314t-macosx_10_15_universal2.whl", hash = "sha256:66fad3b7874062c2a2692f0ae6dea56d24f01b778c7f191950ca3ff997e25a88", size = 3172931, upload-time = "2026-09-29T16:10:58.563Z" },
    { url = "https://files.pythonhosted.org/packages/50/92/96196ebfd02676f28fa9b3776d85e18281bca0c8450d7e214c40e346bf92/fonttools-4.66.1-cp314-cp314t-macosx_10_15_x86_64.whl", hash = "sha256:eef76d5796e604f9d6753fa6d323c4eb9f4e0e43f1dcca553f3e6914f1667b64", size = 2621937, upload-time = "2026-09-29T16:11:00.845Z" },
    { url = "https://files.pythonhosted.org/packages/e7/c3/3f4b761037ebc2e5597c52c218a9e95dbc4a2cab572828654f6004f422f5/fonttools-4.66.1-cp314-cp314t-manylinux2014_aarch64.manylinux_2_17_aarch64.manylinux_2_28_aarch64.whl", hash = "sha256:c47299bca4b5acaaeb32100f77b944feea151de9ef1773365a410dc3d49b945b", size = 5546932, upload-time = "2026-09-29T16:11:03.126Z" },
    { url = "https://files.pythonhosted.org/packages/b6/d1/3f506cc79608becbc287785db8c44eb3f93079b49752266eb9f57700ecc4/fonttools-4.66.1-cp314-cp314t-manylinux2014_x86_64.manylinux_2_17_x86_64.whl", hash = "sha256:dfba62cc93199ba62c376f90f2a9147d92730d301e44f88e013e50ff5edf6193", size = 5353546, upload-time = "2026-09-29T16:11:05.394Z" },
    { url = "https://files.pythonhosted.org/packages/6d/27/6534d84430ba1641185f8a0c9e2c7ecd395b15ff98f96967e3fb3c728b09/fonttools-4.66.1-cp314-cp314t-musllinux_1_2_aarch64.whl", hash = "sha256:2c7340497cf53490293e0c2b61011e0191633022ede0a0a964a68157a98b0fb4", size = 5414313, upload-time = "2026-09-29T16:11:07.618Z" },
    { url = "https://files.pythonhosted.org/packages/27/17/831ceca06d78855b11dc203b0e3ba5e6fd8a63a71ee0343ea8bd367fda55/fonttools-4.66.1-cp314-cp314t-musllinux_1_2_x86_64.whl", hash = "sha256:c666fefdd5613a0e99aa4516e6ff4ef87aa86cf1c7ba12a73550f4770e46b750", size = 5449661, upload-time = "2026-09-29T16:11:09.997Z" },
    { url = "https://files.pythonhosted.org/packages/2e/e4/21dc18bcbc8d0354814f6ea58af3d76d3bcd9b0d7246df454cb9e00c1740/fonttools-4.66.1-cp314-cp314t-win32.whl", hash = "sha256:2ce4c93160535761f22c80b2afbc96cabc09855363a5d1a5554265b8a4c85901", size = 2471431, upload-time = "2026-09-29T16:11:12.237Z" },
    { url = "https://files.pythonhosted.org/packages/b5/f4/eb0489e7d58ac0d3387584afc7f3e505f60f60fe4b4f5a0274f013d444a2/fonttools-4.66.1-cp314-cp314t-win_amd64.whl", hash = "sha256:b13c8c541ce0b794add3211b3641cc0e113d707f73e06235e6fe9731bd7c45a9", size = 2521288, upload-time = "2026-09-29T16:11:14.52Z" },
    { url = "https://files.pythonhosted.org/packages/eb/95/235679d5fe4265c251418cd02321de069281a700415389e14c4cce442e3d/fonttools-4.66.1-cp315-cp315-macosx_10_15_universal2.whl", hash = "sha256:2d637468dac23aac0e223bd52e66f8faa3b0dfcef57435460fa2107e830226cd", size = 3093646, upload-time = "2026-09-29T16:11:16.809Z" },
    { url = "https://files.pythonhosted.org/packages/ad/2b/7bcd4046b3b5644c563059cce6421b488fe57f65c59171ef01ed11b66d3a/fonttools-4.66.1-cp315-cp315-macosx_10_15_x86_64.whl", hash = "sha256:90de3477394c73481d27d2b86091c1c736053ee13ff52c42f0e151948e8578c6", size = 2587335, upload-time = "2026-09-29T16:11:18.721Z" },
    { url = "https://files.pythonhosted.org/packages/ff/b6/05a093ec04fa2ad449ecc67638aad0f8d60df380df2471b68b549fe2a4b2/fonttools-4.66.1-cp315-cp315-manylinux2014_aarch64.manylinux_2_17_aarch64.manylinux_2_28_aarch64.whl", hash = "sha256:d84ac0bf776b68396185bd919dd29e633d94300660335efc40b55b294b886903", size = 5371509, upload-time = "2026-09-29T16:11:20.742Z" },
    { url = "https://files.pythonhosted.org/packages/65/a9/55effa83e64b9ff4f379d9186236d50d03f6d4770d8346805c1b6620c370/fonttools-4.66.1-cp315-cp315-manylinux2014_x86_64.manylinux_2_17_x86_64.whl", hash = "sha256:0dc6fd99cb8c30941036308b148da9432640442a6f26f36d71dad9be24cbd0e9", size = 5334853, upload-time = "2026-09-29T16:11:22.928Z" },
    { url = "https://files.pythonhosted.org/packages/af/a8/44bb4021c585b76f8e480116e1f3fca62eb7d88fe5794e2ec84c10d2da76/fonttools-4.66.1-cp315-cp315-musllinux_1_2_aarch64.whl", hash = "sha256:d3b5403e82d0c7659ff1d9f956e29a3a68d094f043e9f5bc0442796fc3a4fb58", size = 5311704, upload-time = "2026-09-29T16:11:25.393Z" },
    { url = "https://files.pythonhosted.org/packages/63/dd/dd482902fb7fd8b71d3b6508431a57938b5e41b29bf6fb252ed3cfce065f/fonttools-4.66.1-cp315-cp315-musllinux_1_2_x86_64.whl", hash = "sha256:b8b71db96d605784e2c5ebf0788a406018ea8fdd80338491f4c83613d5cd1fec", size = 5459477, upload-time = "2026-09-29T16:11:27.536Z" },
    { url = "https://files.pythonhosted.org/packages/3c/a5/07611ba4d4b298b90908cb15005a6d730c334e25548f5175a09907b2eea6/fonttools-4.66.1-cp315-cp315-win32.whl", hash = "sha256:668f092bc0de8902167df6a0d5c5aedc3b4f9e43cf88eea92e9b46a2bd3968f5", size = 2436532, upload-time = "2026-09-29T16:11:29.653Z" },
    { url = "https://files.pythonhosted.org/packages/42/a5/5c39a05bf7c518743c6072cd75b63cd27285c58a70b1086e923fc071fb84/fonttools-4.66.1-cp315-cp315-win_amd64.whl", hash = "sha256:7f49f2834f5d006fe0f3bb10fec73b261806c50941f0cfbc08294074ffc32210", size = 2488769, upload-time = "2026-09-29T16:11:31.967Z" },
    { url = "https://files.pythonhosted.org/packages/c0/a6/1205f7a7dd746581498457e55bfbcdfbea87105a454a7b3465259816bb79/fonttools-4.66.1-cp315-cp315t-macosx_10_15_universal2.whl", hash = "sha256:71c7ca1b5f46f5dd549f56b47d47c0b709217675c23d3a7bc6aa1a69b6d9bbae", size = 3164459, upload-time = "2026-09-29T16:11:33.897Z" },
    { url = "https://files.pythonhosted.org/packages/33/42/915ff8f3c5d3bc9877007e708774e52f7ec431f9e59f607a86e50fe1864c/fonttools-4.66.1-cp315-cp315t-macosx_10_15_x86_64.whl", hash = "sha256:2d320483928c7831f0139ecb361954a26b2e2a8995681200155835dd8cd4a7d5", size = 2618183, upload-time = "2026-09-29T16:11:36.067Z" },
    { url = "https://files.pythonhosted.org/packages/0b/c6/cae2f6ebe38f8927a8d0978a349b202047268016344991a14ae978c2aee3/fonttools-4.66.1-cp315-cp315t-manylinux2014_aarch64.manylinux_2_17_aarch64.manylinux_2_28_aarch64.whl", hash = "sha256:2aeb745f2664eb811026997c95628071137a777ea2ad296deec9cb393f0b23cf", size = 5524861, upload-time = "2026-09-29T16:11:38.099Z" },
    { url = "https://files.pythonhosted.org/packages/f2/14/1941629956b526d6fb46ee764cf0942221f0238581adb94de0ac229fe67f/fonttools-4.66.1-cp315-cp315t-manylinux2014_x86_64.manylinux_2_17_x86_64.whl", hash = "sha256:3087a430722aba8de429c2539fd2a58a9cf05238cdfefd8626460001052ca878", size = 5346561, upload-time = "2026-09-29T16:11:40.366Z" },
    { url = "https://files.pythonhosted.org/packages/62/1f/b7e7f4757dcae74285f4ecd8453d870d63c7ba38a3d46bd9175a124c350b/fonttools-4.66.1-cp315-cp315t-musllinux_1_2_aarch64.whl", hash = "sha256:058cd823b80bac59e64dfad9e3b6fcd677852f9a3804971bbf6b48cc611e785c", size = 5392826, upload-time = "2026-09-29T16:11:42.653Z" },
    { url = "https://files.pythonhosted.org/packages/d9/71/76db3cbdcfac0e9b3ba26e1e6e8740040cfe5f7b5199dfb9b854bc8da2c3/fonttools-4.66.1-cp315-cp315t-musllinux_1_2_x86_64.whl", hash = "sha256:56d41d650cb8fc6cfe1d85ed7c62a0a56cbeed07bc65ca795475b914d401312a", size = 5439233, upload-time = "2026-09-29T16:11:45.088Z" },
    { url = "https://files.pythonhosted.org/packages/10/37/cdc6b213c9fbabdf36e9169f845e8596b419c7e0cceba48e5594b952d2cf/fonttools-4.66.1-cp315-cp315t-win32.whl", hash = "sha256:c258eba62260beb33c110b03a6912cefa3635239c4ab5615b7225fb6f7b85238", size = 2468614, upload-time = "2026-09-29T16:11:47.363Z" },
    { url = "https://files.pythonhosted.org/packages/fb/35/e2247e7e29e8da213e02691a6ada7a30592c7bc0d1db8d2786ebb9bea138/fonttools-4.66.1-cp315-cp315t-win_amd64.whl", hash = "sha256:5de5d80fbc0e50ff794c244e8fb7afd3eadfe0fa232ba8b162b8c551df22fcb4", size = 2516977, upload-time = "2026-09-29T16:11:49.425Z" },
    { url = "https://files.pythonhosted.org/packages/f6/10/d45b74135d5d642cb3a4fb0a957c1613ef93de4c8548671dfc3a5bf38299/fonttools-4.66.1-py3-none-any.whl", hash = "sha256:7234ae9e28db64273fbbfa72caebd0a97e3bdba6b05064114741b9539ef339d0", size = 1202222, upload-time = "2026-09-29T16:11:51.678Z" },
]

[[package]]
name = "markdown-it-py"
version = "4.2.0"
source = { registry = "https://pypi.org/simple" }
dependencies = [
    { name = "mdurl" },
]
sdist = { url = "https://files.pythonhosted.org/packages/06/ff/7841249c247aa650a76b9ee4bbaeae59370dc8bfd2f6c01f3630c35eb134/markdown_it_py-4.2.0.tar.gz", hash = "sha256:04a21681d6fbb623de53f6f364d352309d4094dd4194040a10fd51833e418d49", size = 82454, upload-time = "2026-05-07T12:08:28.36Z" }
wheels = [
    { url = "https://files.pythonhosted.org/packages/b3/81/4da04ced5a082363ecfa159c010d200ecbd959ae410c10c0264a38cac0f5/markdown_it_py-4.2.0-py3-none-any.whl", hash = "sha256:9f7ebbcd14fe59494226453aed97c1070d83f8d24b6fc3a3bcf9a38092641c4a", size = 91687, upload-time = "2026-05-07T12:08:27.182Z" },
]

[[package]]
name = "mdurl"
version = "0.1.2"
source = { registry = "https://pypi.org/simple" }
sdist = { url = "https://files.pythonhosted.org/packages/d6/54/cfe61301667036ec958cb99bd3efefba235e65cdeb9c84d24a8293ba1d90/mdurl-0.1.2.tar.gz", hash = "sha256:bb413d29f5eea38f31dd4754dd7377d4465116fb207585f97bf925588687c1ba", size = 8729, upload-time = "2022-08-14T12:40:10.846Z" }
wheels = [
    { url = "https://files.pythonhosted.org/packages/b3/38/89ba8ad64ae25be8de66a6d463314cf1eb366222074cfda9ee839c56a4b4/mdurl-0.1.2-py3-none-any.whl", hash = "sha256:84008a41e51615a49fc9966191ff91509e3c40b939176e643fd50a5c2196b8f8", size = 9979, upload-time = "2022-08-14T12:40:09.779Z" },
]

[[package]]
name = "pygments"
version = "2.21.0"
source = { registry = "https://pypi.org/simple" }
sdist = { url = "https://files.pythonhosted.org/packages/49/2e/ced460408999b33da6b31b0021b0f37d329e202d4169aeb164493778f25b/pygments-2.21.0.tar.gz", hash = "sha256:610ca751c9bc2492b38eb9a38a7fbc93edbbb2d7182edaf34e66ae493dee5c8c", size = 5005329, upload-time = "2026-08-17T08:02:48.824Z" }
wheels = [
    { url = "https://files.pythonhosted.org/packages/71/46/17f022dd3e953bf20a04a028a21ec746d942f8d2af30fa0f124fa0e6a684/pygments-2.21.0-py3-none-any.whl", hash = "sha256:2363c69b61c4a97c838da3b130dcd6468f4848992b21a82f2a63ec34377137d9", size = 1250147, upload-time = "2026-08-17T08:02:44.912Z" },
]

[[package]]
name = "rich"
version = "15.0.0"
source = { registry = "https://pypi.org/simple" }
dependencies = [
    { name = "markdown-it-py" },
    { name = "pygments" },
]
sdist = { url = "https://files.pythonhosted.org/packages/c0/8f/0722ca900cc807c13a6a0c696dacf35430f72e0ec571c4275d2371fca3e9/rich-15.0.0.tar.gz", hash = "sha256:edd07a4824c6b40189fb7ac9bc4c52536e9780fbbfbddf6f1e2502c31b068c36", size = 230680, upload-time = "2026-04-12T08:24:00.75Z" }
wheels = [
    { url = "https://files.pythonhosted.org/packages/82/3b/64d4899d73f91ba49a8c18a8ff3f0ea8f1c1d75481760df8c68ef5235bf5/rich-15.0.0-py3-none-any.whl", hash = "sha256:33bd4ef74232fb73fe9279a257718407f169c09b78a87ad3d296f548e27de0bb", size = 310654, upload-time = "2026-04-12T08:24:02.83Z" },
]

[[package]]
name = "shellingham"
version = "1.5.4"
source = { registry = "https://pypi.org/simple" }
sdist = { url = "https://files.pythonhosted.org/packages/58/15/8b3609fd3830ef7b27b655beb4b4e9c62313a4e8da8c676e142cc210d58e/shellingham-1.5.4.tar.gz", hash = "sha256:8dbca0739d487e5bd35ab3ca4b36e11c4078f3a234bfce294b0a0291363404de", size = 10310, upload-time = "2023-10-24T04:13:40.426Z" }
wheels = [
    { url = "https://files.pythonhosted.org/packages/e0/f9/0595336914c5619e5f28a1fb793285925a8cd4b432c9da0a987836c7f822/shellingham-1.5.4-py2.py3-none-any.whl", hash = "sha256:7ecfff8f2fd72616f7481040475a65b2bf8af90a56c89140852d1120324e8686", size = 9755, upload-time = "2023-10-24T04:13:38.866Z" },
]

[[package]]
name = "typer"
version = "0.27.2"
source = { registry = "https://pypi.org/simple" }
dependencies = [
    { name = "annotated-doc" },
    { name = "colorama", marker = "sys_platform == 'win32'" },
    { name = "rich" },
    { name = "shellingham" },
]
sdist = { url = "https://files.pythonhosted.org/packages/16/f7/57713ba479fd405eb76de31404b2c744c289e336b2d999511ebf51e496f7/typer-0.27.2.tar.gz", hash = "sha256:269b7eb9d3c202ca84b4bc9618cb04ebb43d3d4d1e567e4c768607232c05f945", size = 204045, upload-time = "2026-08-28T10:26:55.046Z" }
wheels = [
    { url = "https://files.pythonhosted.org/packages/dc/bf/205d0004930ede8f542fb58f601526fccf4ae7626075ca1e6c4de5d3d652/typer-0.27.2-py3-none-any.whl", hash = "sha256:b3a5fc4342d5fc8fda8fc3010b1cf117e9249aab7fae800c2eff62fd3842d97d", size = 123130, upload-time = "2026-08-28T10:26:53.752Z" },
]

[[package]]
name = "uharfbuzz"
version = "0.56.2"
source = { registry = "https://pypi.org/simple" }
sdist = { url = "https://files.pythonhosted.org/packages/90/cb/b87e1e470e43c6d0b8edd9b5ed968c4465c3de5391a0f253edb0df1a9f18/uharfbuzz-0.56.2.tar.gz", hash = "sha256:303cd60c329bc4d88053ca03eb752476b51ca023944051c33710534dbc4fdac6", size = 39630560, upload-time = "2026-09-21T11:30:12.36Z" }
wheels = [
    { url = "https://files.pythonhosted.org/packages/d6/de/5fdcae3af98acd2aa978d38e503013311f1ebdf023f44f6869844068d1ba/uharfbuzz-0.56.2-cp310-abi3-macosx_10_9_universal2.whl", hash = "sha256:07299fa7dbcefd63bd23c9b87b4456cad1c314089deee9654f1a84c594f1f005", size = 3398204, upload-time = "2026-09-21T11:29:48.244Z" },
    { url = "https://files.pythonhosted.org/packages/f8/a2/958ad5bfe9cd55be14b6ac199ee088835de977f39c692522cbc14cad4cbd/uharfbuzz-0.56.2-cp310-abi3-manylinux2014_aarch64.manylinux_2_17_aarch64.manylinux_2_28_aarch64.whl", hash = "sha256:1d9729f111c9b269ca997f1f17c774ec77c9a8f562e26143525c4fa70475b5cb", size = 1923679, upload-time = "2026-09-21T11:29:50.219Z" },
    { url = "https://files.pythonhosted.org/packages/09/5c/761168440df6bc2caafa6341b77dd3ee41949ffaaa5da610da2ce1fd74f9/uharfbuzz-0.56.2-cp310-abi3-manylinux2014_x86_64.manylinux_2_17_x86_64.manylinux_2_28_x86_64.whl", hash = "sha256:f058d70848312366e82068ebef54ead53269bdf34e893c25a3174ea1f5c6d2d3", size = 2000042, upload-time = "2026-09-21T11:29:51.776Z" },
    { url = "https://files.pythonhosted.org/packages/25/91/589632ccd62ed43be81c735e385018765aec015bb794f433ff006783f72a/uharfbuzz-0.56.2-cp310-abi3-musllinux_1_2_aarch64.whl", hash = "sha256:99aacca583273f5264d3d1a116d69d950034afd795edc74ba96faeb4c27ce8d2", size = 2949275, upload-time = "2026-09-21T11:29:53.291Z" },
    { url = "https://files.pythonhosted.org/packages/04/36/2e9da610090e3a492610ef5eec1120cc33352bc3460a82f98e01b2ad79aa/uharfbuzz-0.56.2-cp310-abi3-musllinux_1_2_x86_64.whl", hash = "sha256:3745a5483aef5f2c8604f0154100a659fe2344da1f969429cc1fa655b2239624", size = 3058859, upload-time = "2026-09-21T11:29:54.837Z" },
    { url = "https://files.pythonhosted.org/packages/3d/fa/195efa66ed3b3fac356dd68656acc35bcd776e4a3327f8c150d18fbe9712/uharfbuzz-0.56.2-cp310-abi3-pyemscripten_2025_0_wasm32.whl", hash = "sha256:5d926745fc0b132f152d7b184e6d15bfbfa987a190963c2f841cf046c4bdc4e2", size = 938512, upload-time = "2026-09-21T11:29:56.637Z" },
    { url = "https://files.pythonhosted.org/packages/8a/7e/f5c9c10ae30bf7a05f2f380a7cd5de78937d4021b5e4de853842205bffad/uharfbuzz-0.56.2-cp310-abi3-pyemscripten_2026_0_wasm32.whl", hash = "sha256:11c91af9678d8df46b8d4ce98dc49d892ee96445721427f90cdcbf18e71247b5", size = 935899, upload-time = "2026-09-21T11:29:58.222Z" },
    { url = "https://files.pythonhosted.org/packages/e9/ef/3771dd31c0984baa46295fe0744073f1a28d07548e0cc7863d8745f8b1c4/uharfbuzz-0.56.2-cp310-abi3-win32.whl", hash = "sha256:879457ff2ba12e3c24fca1a3664575000a339e7080e1488e70ae06b8aee2effb", size = 1141396, upload-time = "2026-09-21T11:29:59.614Z" },
    { url = "https://files.pythonhosted.org/packages/09/34/7f05bf99dc91e60174721c6ce7efd03ec1dec4f7064717d217f1a57cc3e3/uharfbuzz-0.56.2-cp310-abi3-win_amd64.whl", hash = "sha256:49450c32c32d7ea5e0a36211c08dc4b8c5b76460ec09532a8c77baa297c98792", size = 1486421, upload-time = "2026-09-21T11:30:01.072Z" },
]
